
Microsoft Visual Studio Solution File, Format Version 12.00
# Visual Studio 15
VisualStudioVersion = 15.0.27130.2024
MinimumVisualStudioVersion = 10.0.40219.1
Project("{FAE04EC0-301F-11D3-BF4B-00C04F79EFBC}") = "API", "API.csproj", "{CE5CB6AC-962A-415E-947D-144505B29749}"
EndProject
Global
	GlobalSection(SolutionConfigurationPlatforms) = preSolution
		Debug|Any CPU = Debug|Any CPU
		Release|Any CPU = Release|Any CPU
	EndGlobalSection
	GlobalSection(ProjectConfigurationPlatforms) = postSolution
		{CE5CB6AC-962A-415E-947D-144505B29749}.Debug|Any CPU.ActiveCfg = Debug|Any CPU
		{CE5CB6AC-962A-415E-947D-144505B29749}.Debug|Any CPU.Build.0 = Debug|Any CPU
		{CE5CB6AC-962A-415E-947D-144505B29749}.Release|Any CPU.ActiveCfg = Release|Any CPU
		{CE5CB6AC-962A-415E-947D-144505B29749}.Release|Any CPU.Build.0 = Release|Any CPU
	EndGlobalSection
	GlobalSection(SolutionProperties) = preSolution
		HideSolutionNode = FALSE
	EndGlobalSection
	GlobalSection(ExtensibilityGlobals) = postSolution
		SolutionGuid = {F898A255-9836-4F6F-8C40-26ABD1AF8F7F}
	EndGlobalSection
EndGlobal
